
Microsoft Visual Studio Solution File, Format Version 12.00
# Visual Studio 2012
Project("{FAE04EC0-301F-11D3-BF4B-00C04F79EFBC}") = "navdemo", "navdemo\navdemo.csproj", "{CCA32735-7025-4658-832C-5D4E2ED2B8BA}"
EndProject
Global
	GlobalSection(SolutionConfigurationPlatforms) = preSolution
		Debug|Any CPU = Debug|Any CPU
		Release|Any CPU = Release|Any CPU
	EndGlobalSection
	GlobalSection(ProjectConfigurationPlatforms) = postSolution
		{CCA32735-7025-4658-832C-5D4E2ED2B8BA}.Debug|Any CPU.ActiveCfg = Debug|Any CPU
		{CCA32735-7025-4658-832C-5D4E2ED2B8BA}.Debug|Any CPU.Build.0 = Debug|Any CPU
		{CCA32735-7025-4658-832C-5D4E2ED2B8BA}.Release|Any CPU.ActiveCfg = Release|Any CPU
		{CCA32735-7025-4658-832C-5D4E2ED2B8BA}.Release|Any CPU.Build.0 = Release|Any CPU
	EndGlobalSection
	GlobalSection(SolutionProperties) = preSolution
		HideSolutionNode = FALSE
	EndGlobalSection
EndGlobal
